<Solution>
  <Folder Name="/GitHub Workflows/">
    <File Path=".github/workflows/release.yml" />
  </Folder>
  <Folder Name="/Installer/">
    <File Path="installer/setup.iss" />
  </Folder>
  <Folder Name="/Manifests/">
    <File Path="manifests/encoders-v1.json" />
  </Folder>
  <Project Path="src/VeSCU/VeSCU.csproj" />
</Solution>
